
Microsoft Visual Studio Solution File, Format Version 12.00
# Visual Studio 15
VisualStudioVersion = 15.0.26430.14
MinimumVisualStudioVersion = 10.0.40219.1
Project("{FAE04EC0-301F-11D3-BF4B-00C04F79EFBC}") = "livecode.wpf", "livecode\livecode.wpf.csproj", "{FE13BDC8-BC27-4C0B-82C1-1EB4D0322852}"
	ProjectSection(ProjectDependencies) = postProject
		{92EF508F-003C-4392-BA60-8CE396538FCA} = {92EF508F-003C-4392-BA60-8CE396538FCA}
	EndProjectSection
EndProject
Project("{FAE04EC0-301F-11D3-BF4B-00C04F79EFBC}") = "livecode.Common", "livecode.Common\livecode.Common.csproj", "{92EF508F-003C-4392-BA60-8CE396538FCA}"
EndProject
Project("{FAE04EC0-301F-11D3-BF4B-00C04F79EFBC}") = "livecode.ComponentBase", "livecode.ComponentBase\livecode.ComponentBase.csproj", "{3119A880-3509-4AE8-9CDA-DD6B7146A8FD}"
EndProject
Project("{FAE04EC0-301F-11D3-BF4B-00C04F79EFBC}") = "livecode.VisualStudioTracker", "livecode.VisualStudioTracker\livecode.VisualStudioTracker.csproj", "{E29C800B-295E-4F59-935C-3EA817EF594A}"
EndProject
Project("{FAE04EC0-301F-11D3-BF4B-00C04F79EFBC}") = "ManagedWinapi", "ManagedWinapi\ManagedWinapi.csproj", "{FBD3EC1E-47E2-4D2D-81C9-D6506125A09A}"
EndProject
Project("{FAE04EC0-301F-11D3-BF4B-00C04F79EFBC}") = "livecode.CSharpCodeTracker", "livecode.CSharpCodeTracker\livecode.CSharpCodeTracker.csproj", "{7A66A23C-208A-4668-A96B-7069AB8BF299}"
EndProject
Project("{FAE04EC0-301F-11D3-BF4B-00C04F79EFBC}") = "KaVEData.Tools", "KaVE.Data.Tools\KaVEData.Tools.csproj", "{7ADD4450-25BD-4297-8018-AF7589C18536}"
EndProject
Project("{FAE04EC0-301F-11D3-BF4B-00C04F79EFBC}") = "livecode.IntelliJTracker", "livecode.IntelliJTracker\livecode.IntelliJTracker.csproj", "{475E93EA-D283-4D47-81A9-FD23F6B45781}"
EndProject
Project("{FAE04EC0-301F-11D3-BF4B-00C04F79EFBC}") = "livecode.JavaCodeTracker", "JavaCodeTracker\livecode.JavaCodeTracker.csproj", "{22EC5347-A710-4846-9544-39BF60347999}"
EndProject
Project("{FAE04EC0-301F-11D3-BF4B-00C04F79EFBC}") = "livecode.PyCodeTracker", "PyCodeTracker\livecode.PyCodeTracker.csproj", "{7612E5BD-BC77-4F13-BF6F-D2345449209B}"
EndProject
Project("{FAE04EC0-301F-11D3-BF4B-00C04F79EFBC}") = "livecode.PyCharmTracker", "livecode.PyCharmTracker\livecode.PyCharmTracker.csproj", "{9CA811AE-D91E-42E4-8371-E42BA64089F2}"
EndProject
Project("{FAE04EC0-301F-11D3-BF4B-00C04F79EFBC}") = "livecode.NetbeansTracker", "NetbeansTracker\livecode.NetbeansTracker.csproj", "{2BF7894E-5955-42B3-96A4-E952BB1F1BA5}"
EndProject
Project("{FAE04EC0-301F-11D3-BF4B-00C04F79EFBC}") = "livecode.CCodeTracker", "CCodeTracker\livecode.CCodeTracker.csproj", "{58A5B61B-A7E5-4DCD-A2FE-B5E759168B31}"
EndProject
Global
	GlobalSection(SolutionConfigurationPlatforms) = preSolution
		Debug|Any CPU = Debug|Any CPU
		Release|Any CPU = Release|Any CPU
	EndGlobalSection
	GlobalSection(ProjectConfigurationPlatforms) = postSolution
		{FE13BDC8-BC27-4C0B-82C1-1EB4D0322852}.Debug|Any CPU.ActiveCfg = Debug|Any CPU
		{FE13BDC8-BC27-4C0B-82C1-1EB4D0322852}.Debug|Any CPU.Build.0 = Debug|Any CPU
		{FE13BDC8-BC27-4C0B-82C1-1EB4D0322852}.Release|Any CPU.ActiveCfg = Release|Any CPU
		{FE13BDC8-BC27-4C0B-82C1-1EB4D0322852}.Release|Any CPU.Build.0 = Release|Any CPU
		{92EF508F-003C-4392-BA60-8CE396538FCA}.Debug|Any CPU.ActiveCfg = Debug|Any CPU
		{92EF508F-003C-4392-BA60-8CE396538FCA}.Debug|Any CPU.Build.0 = Debug|Any CPU
		{92EF508F-003C-4392-BA60-8CE396538FCA}.Release|Any CPU.ActiveCfg = Release|Any CPU
		{92EF508F-003C-4392-BA60-8CE396538FCA}.Release|Any CPU.Build.0 = Release|Any CPU
		{3119A880-3509-4AE8-9CDA-DD6B7146A8FD}.Debug|Any CPU.ActiveCfg = Debug|Any CPU
		{3119A880-3509-4AE8-9CDA-DD6B7146A8FD}.Debug|Any CPU.Build.0 = Debug|Any CPU
		{3119A880-3509-4AE8-9CDA-DD6B7146A8FD}.Release|Any CPU.ActiveCfg = Release|Any CPU
		{3119A880-3509-4AE8-9CDA-DD6B7146A8FD}.Release|Any CPU.Build.0 = Release|Any CPU
		{E29C800B-295E-4F59-935C-3EA817EF594A}.Debug|Any CPU.ActiveCfg = Debug|Any CPU
		{E29C800B-295E-4F59-935C-3EA817EF594A}.Debug|Any CPU.Build.0 = Debug|Any CPU
		{E29C800B-295E-4F59-935C-3EA817EF594A}.Release|Any CPU.ActiveCfg = Release|Any CPU
		{E29C800B-295E-4F59-935C-3EA817EF594A}.Release|Any CPU.Build.0 = Release|Any CPU
		{FBD3EC1E-47E2-4D2D-81C9-D6506125A09A}.Debug|Any CPU.ActiveCfg = Debug|Any CPU
		{FBD3EC1E-47E2-4D2D-81C9-D6506125A09A}.Debug|Any CPU.Build.0 = Debug|Any CPU
		{FBD3EC1E-47E2-4D2D-81C9-D6506125A09A}.Release|Any CPU.ActiveCfg = Release|Any CPU
		{FBD3EC1E-47E2-4D2D-81C9-D6506125A09A}.Release|Any CPU.Build.0 = Release|Any CPU
		{7A66A23C-208A-4668-A96B-7069AB8BF299}.Debug|Any CPU.ActiveCfg = Debug|Any CPU
		{7A66A23C-208A-4668-A96B-7069AB8BF299}.Debug|Any CPU.Build.0 = Debug|Any CPU
		{7A66A23C-208A-4668-A96B-7069AB8BF299}.Release|Any CPU.ActiveCfg = Release|Any CPU
		{7A66A23C-208A-4668-A96B-7069AB8BF299}.Release|Any CPU.Build.0 = Release|Any CPU
		{7ADD4450-25BD-4297-8018-AF7589C18536}.Debug|Any CPU.ActiveCfg = Debug|Any CPU
		{7ADD4450-25BD-4297-8018-AF7589C18536}.Debug|Any CPU.Build.0 = Debug|Any CPU
		{7ADD4450-25BD-4297-8018-AF7589C18536}.Release|Any CPU.ActiveCfg = Release|Any CPU
		{7ADD4450-25BD-4297-8018-AF7589C18536}.Release|Any CPU.Build.0 = Release|Any CPU
		{475E93EA-D283-4D47-81A9-FD23F6B45781}.Debug|Any CPU.ActiveCfg = Debug|Any CPU
		{475E93EA-D283-4D47-81A9-FD23F6B45781}.Debug|Any CPU.Build.0 = Debug|Any CPU
		{475E93EA-D283-4D47-81A9-FD23F6B45781}.Release|Any CPU.ActiveCfg = Release|Any CPU
		{475E93EA-D283-4D47-81A9-FD23F6B45781}.Release|Any CPU.Build.0 = Release|Any CPU
		{22EC5347-A710-4846-9544-39BF60347999}.Debug|Any CPU.ActiveCfg = Debug|Any CPU
		{22EC5347-A710-4846-9544-39BF60347999}.Debug|Any CPU.Build.0 = Debug|Any CPU
		{22EC5347-A710-4846-9544-39BF60347999}.Release|Any CPU.ActiveCfg = Release|Any CPU
		{22EC5347-A710-4846-9544-39BF60347999}.Release|Any CPU.Build.0 = Release|Any CPU
		{7612E5BD-BC77-4F13-BF6F-D2345449209B}.Debug|Any CPU.ActiveCfg = Debug|Any CPU
		{7612E5BD-BC77-4F13-BF6F-D2345449209B}.Debug|Any CPU.Build.0 = Debug|Any CPU
		{7612E5BD-BC77-4F13-BF6F-D2345449209B}.Release|Any CPU.ActiveCfg = Release|Any CPU
		{7612E5BD-BC77-4F13-BF6F-D2345449209B}.Release|Any CPU.Build.0 = Release|Any CPU
		{9CA811AE-D91E-42E4-8371-E42BA64089F2}.Debug|Any CPU.ActiveCfg = Debug|Any CPU
		{9CA811AE-D91E-42E4-8371-E42BA64089F2}.Debug|Any CPU.Build.0 = Debug|Any CPU
		{9CA811AE-D91E-42E4-8371-E42BA64089F2}.Release|Any CPU.ActiveCfg = Release|Any CPU
		{9CA811AE-D91E-42E4-8371-E42BA64089F2}.Release|Any CPU.Build.0 = Release|Any CPU
		{2BF7894E-5955-42B3-96A4-E952BB1F1BA5}.Debug|Any CPU.ActiveCfg = Debug|Any CPU
		{2BF7894E-5955-42B3-96A4-E952BB1F1BA5}.Debug|Any CPU.Build.0 = Debug|Any CPU
		{2BF7894E-5955-42B3-96A4-E952BB1F1BA5}.Release|Any CPU.ActiveCfg = Release|Any CPU
		{2BF7894E-5955-42B3-96A4-E952BB1F1BA5}.Release|Any CPU.Build.0 = Release|Any CPU
		{58A5B61B-A7E5-4DCD-A2FE-B5E759168B31}.Debug|Any CPU.ActiveCfg = Debug|Any CPU
		{58A5B61B-A7E5-4DCD-A2FE-B5E759168B31}.Debug|Any CPU.Build.0 = Debug|Any CPU
		{58A5B61B-A7E5-4DCD-A2FE-B5E759168B31}.Release|Any CPU.ActiveCfg = Release|Any CPU
		{58A5B61B-A7E5-4DCD-A2FE-B5E759168B31}.Release|Any CPU.Build.0 = Release|Any CPU
	EndGlobalSection
	GlobalSection(SolutionProperties) = preSolution
		HideSolutionNode = FALSE
	EndGlobalSection
EndGlobal
